
Microsoft Visual Studio Solution File, Format Version 12.00
# Visual Studio Version 17
VisualStudioVersion = 17.7.34221.43
MinimumVisualStudioVersion = 10.0.40219.1
Project("{9A19103F-16F7-4668-BE54-9A1E7A4F7556}") = "ImportFile.WebAPI.UI", "ImportFile\ImportFile.WebAPI.UI.csproj", "{8F040FAA-0767-4170-B69B-5BAF9EFF7F82}"
EndProject
Project("{9A19103F-16F7-4668-BE54-9A1E7A4F7556}") = "ImportFile.Core.Extensions", "ImportFile.Core.Extensions\ImportFile.Core.Extensions.csproj", "{72E1A41D-3627-4790-A4FD-A9D41583BE84}"
EndProject
Project("{9A19103F-16F7-4668-BE54-9A1E7A4F7556}") = "TestConsole", "TestConsole\TestConsole.csproj", "{1CDC644B-01AC-4F02-89C9-9222265CBA17}"
EndProject
Project("{9A19103F-16F7-4668-BE54-9A1E7A4F7556}") = "ImportFile.WebApi.Core.Domain", "ImportFile.WebApi.Core.Domain\ImportFile.WebApi.Core.Domain.csproj", "{2E9A5BB0-8A65-48FB-B06B-967E2EE70CED}"
EndProject
Project("{2150E333-8FDC-42A3-9474-1A3956D46DE8}") = "Libs", "Libs", "{203C6C15-F947-4CDB-A5E7-DC3040C6425E}"
EndProject
Project("{FAE04EC0-301F-11D3-BF4B-00C04F79EFBC}") = "ImportFile.APITest", "ImportFile.APITest\ImportFile.APITest.csproj", "{3BC9E3D1-6DA4-4187-984C-5FEED0670F89}"
EndProject
Project("{2150E333-8FDC-42A3-9474-1A3956D46DE8}") = "Test", "Test", "{BCFE8CF5-546B-4BB9-B050-3F529ACF0B36}"
EndProject
Global
	GlobalSection(SolutionConfigurationPlatforms) = preSolution
		Debug|Any CPU = Debug|Any CPU
		Release|Any CPU = Release|Any CPU
	EndGlobalSection
	GlobalSection(ProjectConfigurationPlatforms) = postSolution
		{8F040FAA-0767-4170-B69B-5BAF9EFF7F82}.Debug|Any CPU.ActiveCfg = Debug|Any CPU
		{8F040FAA-0767-4170-B69B-5BAF9EFF7F82}.Debug|Any CPU.Build.0 = Debug|Any CPU
		{8F040FAA-0767-4170-B69B-5BAF9EFF7F82}.Release|Any CPU.ActiveCfg = Release|Any CPU
		{8F040FAA-0767-4170-B69B-5BAF9EFF7F82}.Release|Any CPU.Build.0 = Release|Any CPU
		{72E1A41D-3627-4790-A4FD-A9D41583BE84}.Debug|Any CPU.ActiveCfg = Debug|Any CPU
		{72E1A41D-3627-4790-A4FD-A9D41583BE84}.Debug|Any CPU.Build.0 = Debug|Any CPU
		{72E1A41D-3627-4790-A4FD-A9D41583BE84}.Release|Any CPU.ActiveCfg = Release|Any CPU
		{72E1A41D-3627-4790-A4FD-A9D41583BE84}.Release|Any CPU.Build.0 = Release|Any CPU
		{1CDC644B-01AC-4F02-89C9-9222265CBA17}.Debug|Any CPU.ActiveCfg = Debug|Any CPU
		{1CDC644B-01AC-4F02-89C9-9222265CBA17}.Debug|Any CPU.Build.0 = Debug|Any CPU
		{1CDC644B-01AC-4F02-89C9-9222265CBA17}.Release|Any CPU.ActiveCfg = Release|Any CPU
		{1CDC644B-01AC-4F02-89C9-9222265CBA17}.Release|Any CPU.Build.0 = Release|Any CPU
		{2E9A5BB0-8A65-48FB-B06B-967E2EE70CED}.Debug|Any CPU.ActiveCfg = Debug|Any CPU
		{2E9A5BB0-8A65-48FB-B06B-967E2EE70CED}.Debug|Any CPU.Build.0 = Debug|Any CPU
		{2E9A5BB0-8A65-48FB-B06B-967E2EE70CED}.Release|Any CPU.ActiveCfg = Release|Any CPU
		{2E9A5BB0-8A65-48FB-B06B-967E2EE70CED}.Release|Any CPU.Build.0 = Release|Any CPU
		{3BC9E3D1-6DA4-4187-984C-5FEED0670F89}.Debug|Any CPU.ActiveCfg = Debug|Any CPU
		{3BC9E3D1-6DA4-4187-984C-5FEED0670F89}.Debug|Any CPU.Build.0 = Debug|Any CPU
		{3BC9E3D1-6DA4-4187-984C-5FEED0670F89}.Release|Any CPU.ActiveCfg = Release|Any CPU
		{3BC9E3D1-6DA4-4187-984C-5FEED0670F89}.Release|Any CPU.Build.0 = Release|Any CPU
	EndGlobalSection
	GlobalSection(SolutionProperties) = preSolution
		HideSolutionNode = FALSE
	EndGlobalSection
	GlobalSection(NestedProjects) = preSolution
		{2E9A5BB0-8A65-48FB-B06B-967E2EE70CED} = {203C6C15-F947-4CDB-A5E7-DC3040C6425E}
		{3BC9E3D1-6DA4-4187-984C-5FEED0670F89} = {BCFE8CF5-546B-4BB9-B050-3F529ACF0B36}
	EndGlobalSection
	GlobalSection(ExtensibilityGlobals) = postSolution
		SolutionGuid = {4669A8FB-CCD9-4EB5-92EA-908444F1B9E9}
	EndGlobalSection
EndGlobal
